
Microsoft Visual Studio Solution File, Format Version 12.00
# Visual Studio 15
VisualStudioVersion = 15.0.27703.2018
MinimumVisualStudioVersion = 10.0.40219.1
Project("{2150E333-8FDC-42A3-9474-1A3956D46DE8}") = "src", "src", "{325BEDFF-9C8E-4647-87FE-27C7DD1C621F}"
EndProject
Project("{9A19103F-16F7-4668-BE54-9A1E7A4F7556}") = "ApplicationCore", "ApplicationCore\ApplicationCore.csproj", "{E7C98861-8535-477F-9C3C-30485D920637}"
EndProject
Project("{9A19103F-16F7-4668-BE54-9A1E7A4F7556}") = "Infrastructure", "Infrastructure\Infrastructure.csproj", "{12942C60-05A9-44E1-88FF-10EDE585BE0F}"
EndProject
Project("{2150E333-8FDC-42A3-9474-1A3956D46DE8}") = "tests", "tests", "{1A2AE2BB-7944-461B-812E-D7AF27B7B86A}"
EndProject
Project("{9A19103F-16F7-4668-BE54-9A1E7A4F7556}") = "ApplicationCoreTest", "ApplicationCoreTest\ApplicationCoreTest.csproj", "{D7D60CC8-04E8-4BB4-A356-A13E63D7DB03}"
EndProject
Project("{9A19103F-16F7-4668-BE54-9A1E7A4F7556}") = "Web", "Web\Web.csproj", "{4E08A5AB-E102-4A96-903B-714BE8E09F95}"
EndProject
Project("{FAE04EC0-301F-11D3-BF4B-00C04F79EFBC}") = "BackgroundJobs", "BackgroundJobs\BackgroundJobs.csproj", "{2E8EFE83-E721-4C52-8010-03F8F79B39DC}"
EndProject
Project("{FAE04EC0-301F-11D3-BF4B-00C04F79EFBC}") = "Configuration", "Configuration\Configuration.csproj", "{004807BB-B478-4328-AAD8-9AB0ED018F19}"
EndProject
Project("{FAE04EC0-301F-11D3-BF4B-00C04F79EFBC}") = "IdentityProvider", "IdentityProvider\IdentityProvider.csproj", "{B3E29188-02FC-45C7-ADE6-3C982BB3D651}"
EndProject
Project("{FAE04EC0-301F-11D3-BF4B-00C04F79EFBC}") = "LdapProvider", "LdapProvider\LdapProvider.csproj", "{766DE0D3-E8F4-4032-A6A3-65C0DD0E2397}"
EndProject
Project("{FAE04EC0-301F-11D3-BF4B-00C04F79EFBC}") = "Logger", "Logger\Logger.csproj", "{C834C9A4-4033-491B-BE84-19FB5A5758D1}"
EndProject
Global
	GlobalSection(SolutionConfigurationPlatforms) = preSolution
		Debug|Any CPU = Debug|Any CPU
		Release|Any CPU = Release|Any CPU
	EndGlobalSection
	GlobalSection(ProjectConfigurationPlatforms) = postSolution
		{E7C98861-8535-477F-9C3C-30485D920637}.Debug|Any CPU.ActiveCfg = Debug|Any CPU
		{E7C98861-8535-477F-9C3C-30485D920637}.Debug|Any CPU.Build.0 = Debug|Any CPU
		{E7C98861-8535-477F-9C3C-30485D920637}.Release|Any CPU.ActiveCfg = Release|Any CPU
		{E7C98861-8535-477F-9C3C-30485D920637}.Release|Any CPU.Build.0 = Release|Any CPU
		{12942C60-05A9-44E1-88FF-10EDE585BE0F}.Debug|Any CPU.ActiveCfg = Debug|Any CPU
		{12942C60-05A9-44E1-88FF-10EDE585BE0F}.Debug|Any CPU.Build.0 = Debug|Any CPU
		{12942C60-05A9-44E1-88FF-10EDE585BE0F}.Release|Any CPU.ActiveCfg = Release|Any CPU
		{12942C60-05A9-44E1-88FF-10EDE585BE0F}.Release|Any CPU.Build.0 = Release|Any CPU
		{D7D60CC8-04E8-4BB4-A356-A13E63D7DB03}.Debug|Any CPU.ActiveCfg = Debug|Any CPU
		{D7D60CC8-04E8-4BB4-A356-A13E63D7DB03}.Debug|Any CPU.Build.0 = Debug|Any CPU
		{D7D60CC8-04E8-4BB4-A356-A13E63D7DB03}.Release|Any CPU.ActiveCfg = Release|Any CPU
		{D7D60CC8-04E8-4BB4-A356-A13E63D7DB03}.Release|Any CPU.Build.0 = Release|Any CPU
		{4E08A5AB-E102-4A96-903B-714BE8E09F95}.Debug|Any CPU.ActiveCfg = Debug|Any CPU
		{4E08A5AB-E102-4A96-903B-714BE8E09F95}.Debug|Any CPU.Build.0 = Debug|Any CPU
		{4E08A5AB-E102-4A96-903B-714BE8E09F95}.Release|Any CPU.ActiveCfg = Release|Any CPU
		{4E08A5AB-E102-4A96-903B-714BE8E09F95}.Release|Any CPU.Build.0 = Release|Any CPU
		{2E8EFE83-E721-4C52-8010-03F8F79B39DC}.Debug|Any CPU.ActiveCfg = Debug|Any CPU
		{2E8EFE83-E721-4C52-8010-03F8F79B39DC}.Debug|Any CPU.Build.0 = Debug|Any CPU
		{2E8EFE83-E721-4C52-8010-03F8F79B39DC}.Release|Any CPU.ActiveCfg = Release|Any CPU
		{2E8EFE83-E721-4C52-8010-03F8F79B39DC}.Release|Any CPU.Build.0 = Release|Any CPU
		{004807BB-B478-4328-AAD8-9AB0ED018F19}.Debug|Any CPU.ActiveCfg = Debug|Any CPU
		{004807BB-B478-4328-AAD8-9AB0ED018F19}.Debug|Any CPU.Build.0 = Debug|Any CPU
		{004807BB-B478-4328-AAD8-9AB0ED018F19}.Release|Any CPU.ActiveCfg = Release|Any CPU
		{004807BB-B478-4328-AAD8-9AB0ED018F19}.Release|Any CPU.Build.0 = Release|Any CPU
		{B3E29188-02FC-45C7-ADE6-3C982BB3D651}.Debug|Any CPU.ActiveCfg = Debug|Any CPU
		{B3E29188-02FC-45C7-ADE6-3C982BB3D651}.Debug|Any CPU.Build.0 = Debug|Any CPU
		{B3E29188-02FC-45C7-ADE6-3C982BB3D651}.Release|Any CPU.ActiveCfg = Release|Any CPU
		{B3E29188-02FC-45C7-ADE6-3C982BB3D651}.Release|Any CPU.Build.0 = Release|Any CPU
		{766DE0D3-E8F4-4032-A6A3-65C0DD0E2397}.Debug|Any CPU.ActiveCfg = Debug|Any CPU
		{766DE0D3-E8F4-4032-A6A3-65C0DD0E2397}.Debug|Any CPU.Build.0 = Debug|Any CPU
		{766DE0D3-E8F4-4032-A6A3-65C0DD0E2397}.Release|Any CPU.ActiveCfg = Release|Any CPU
		{766DE0D3-E8F4-4032-A6A3-65C0DD0E2397}.Release|Any CPU.Build.0 = Release|Any CPU
		{C834C9A4-4033-491B-BE84-19FB5A5758D1}.Debug|Any CPU.ActiveCfg = Debug|Any CPU
		{C834C9A4-4033-491B-BE84-19FB5A5758D1}.Debug|Any CPU.Build.0 = Debug|Any CPU
		{C834C9A4-4033-491B-BE84-19FB5A5758D1}.Release|Any CPU.ActiveCfg = Release|Any CPU
		{C834C9A4-4033-491B-BE84-19FB5A5758D1}.Release|Any CPU.Build.0 = Release|Any CPU
	EndGlobalSection
	GlobalSection(SolutionProperties) = preSolution
		HideSolutionNode = FALSE
	EndGlobalSection
	GlobalSection(NestedProjects) = preSolution
		{E7C98861-8535-477F-9C3C-30485D920637} = {325BEDFF-9C8E-4647-87FE-27C7DD1C621F}
		{12942C60-05A9-44E1-88FF-10EDE585BE0F} = {325BEDFF-9C8E-4647-87FE-27C7DD1C621F}
		{D7D60CC8-04E8-4BB4-A356-A13E63D7DB03} = {1A2AE2BB-7944-461B-812E-D7AF27B7B86A}
		{4E08A5AB-E102-4A96-903B-714BE8E09F95} = {325BEDFF-9C8E-4647-87FE-27C7DD1C621F}
		{2E8EFE83-E721-4C52-8010-03F8F79B39DC} = {325BEDFF-9C8E-4647-87FE-27C7DD1C621F}
		{004807BB-B478-4328-AAD8-9AB0ED018F19} = {325BEDFF-9C8E-4647-87FE-27C7DD1C621F}
		{B3E29188-02FC-45C7-ADE6-3C982BB3D651} = {325BEDFF-9C8E-4647-87FE-27C7DD1C621F}
		{766DE0D3-E8F4-4032-A6A3-65C0DD0E2397} = {325BEDFF-9C8E-4647-87FE-27C7DD1C621F}
		{C834C9A4-4033-491B-BE84-19FB5A5758D1} = {325BEDFF-9C8E-4647-87FE-27C7DD1C621F}
	EndGlobalSection
	GlobalSection(ExtensibilityGlobals) = postSolution
		SolutionGuid = {252EC0D3-F04D-481B-AC17-044159891ED1}
	EndGlobalSection
EndGlobal
